
Microsoft Visual Studio Solution File, Format Version 12.00
# Visual Studio Version 16
VisualStudioVersion = 16.0.31624.102
MinimumVisualStudioVersion = 10.0.40219.1
Project("{FAE04EC0-301F-11D3-BF4B-00C04F79EFBC}") = "Alex Andersen", "Alex Andersen\Alex Andersen.csproj", "{2DDB8FC1-28BB-42EE-AABA-26B3B999F665}"
EndProject
Global
	GlobalSection(SolutionConfigurationPlatforms) = preSolution
		Debug|Any CPU = Debug|Any CPU
		Release|Any CPU = Release|Any CPU
	EndGlobalSection
	GlobalSection(ProjectConfigurationPlatforms) = postSolution
		{2DDB8FC1-28BB-42EE-AABA-26B3B999F665}.Debug|Any CPU.ActiveCfg = Debug|Any CPU
		{2DDB8FC1-28BB-42EE-AABA-26B3B999F665}.Debug|Any CPU.Build.0 = Debug|Any CPU
		{2DDB8FC1-28BB-42EE-AABA-26B3B999F665}.Release|Any CPU.ActiveCfg = Release|Any CPU
		{2DDB8FC1-28BB-42EE-AABA-26B3B999F665}.Release|Any CPU.Build.0 = Release|Any CPU
	EndGlobalSection
	GlobalSection(SolutionProperties) = preSolution
		HideSolutionNode = FALSE
	EndGlobalSection
	GlobalSection(ExtensibilityGlobals) = postSolution
		SolutionGuid = {B6BE5F14-5A81-429E-94C4-0579C9F7E76C}
	EndGlobalSection
EndGlobal
